// !$*UTF8*$!
{
	archiveVersion = 1;
	classes = {
	};
	objectVersion = 46;
	objects = {

/* Begin PBXBuildFile section */
		6F00E0E21CB11FAE009905A7 /* AppDelegate.swift in Sources */ = {isa = PBXBuildFile; fileRef = 6F00E0E11CB11FAE009905A7 /* AppDelegate.swift */; };
		6F00E0E41CB11FAE009905A7 /* ViewController.swift in Sources */ = {isa = PBXBuildFile; fileRef = 6F00E0E31CB11FAE009905A7 /* ViewController.swift */; };
		6F00E0E71CB11FAE009905A7 /* Main.storyboard in Resources */ = {isa = PBXBuildFile; fileRef = 6F00E0E51CB11FAE009905A7 /* Main.storyboard */; };
		6F00E0E91CB11FAF009905A7 /* Assets.xcassets in Resources */ = {isa = PBXBuildFile; fileRef = 6F00E0E81CB11FAF009905A7 /* Assets.xcassets */; };
		6F00E0EC1CB11FAF009905A7 /* LaunchScreen.storyboard in Resources */ = {isa = PBXBuildFile; fileRef = 6F00E0EA1CB11FAF009905A7 /* LaunchScreen.storyboard */; };
		6F00E0F71CB11FAF009905A7 /* MemoryGameTests.swift in Sources */ = {isa = PBXBuildFile; fileRef = 6F00E0F61CB11FAF009905A7 /* MemoryGameTests.swift */; };
		6F00E1021CB11FAF009905A7 /* MemoryGameUITests.swift in Sources */ = {isa = PBXBuildFile; fileRef = 6F00E1011CB11FAF009905A7 /* MemoryGameUITests.swift */; };
		6F00E1101CB12092009905A7 /* TileData.swift in Sources */ = {isa = PBXBuildFile; fileRef = 6F00E10F1CB12092009905A7 /* TileData.swift */; };
		6F00E1111CB12092009905A7 /* TileData.swift in Sources */ = {isa = PBXBuildFile; fileRef = 6F00E10F1CB12092009905A7 /* TileData.swift */; };
		6F00E1131CB120FB009905A7 /* GameModel.swift in Sources */ = {isa = PBXBuildFile; fileRef = 6F00E1121CB120FB009905A7 /* GameModel.swift */; };
		6F00E1141CB120FB009905A7 /* GameModel.swift in Sources */ = {isa = PBXBuildFile; fileRef = 6F00E1121CB120FB009905A7 /* GameModel.swift */; };
		6F00E1161CB12676009905A7 /* Extensions.swift in Sources */ = {isa = PBXBuildFile; fileRef = 6F00E1151CB12676009905A7 /* Extensions.swift */; };
		6F00E1171CB12676009905A7 /* Extensions.swift in Sources */ = {isa = PBXBuildFile; fileRef = 6F00E1151CB12676009905A7 /* Extensions.swift */; };
		6F00E1191CB12DBD009905A7 /* TileView.swift in Sources */ = {isa = PBXBuildFile; fileRef = 6F00E1181CB12DBD009905A7 /* TileView.swift */; };
		6F00E11A1CB12DBD009905A7 /* TileView.swift in Sources */ = {isa = PBXBuildFile; fileRef = 6F00E1181CB12DBD009905A7 /* TileView.swift */; };
/* End PBXBuildFile section */

/* Begin PBXContainerItemProxy section */
		6F00E0F31CB11FAF009905A7 /* PBXContainerItemProxy */ = {
			isa = PBXContainerItemProxy;
			containerPortal = 6F00E0D61CB11FAE009905A7 /* Project object */;
			proxyType = 1;
			remoteGlobalIDString = 6F00E0DD1CB11FAE009905A7;
			remoteInfo = MemoryGame;
		};
		6F00E0FE1CB11FAF009905A7 /* PBXContainerItemProxy */ = {
			isa = PBXContainerItemProxy;
			containerPortal = 6F00E0D61CB11FAE009905A7 /* Project object */;
			proxyType = 1;
			remoteGlobalIDString = 6F00E0DD1CB11FAE009905A7;
			remoteInfo = MemoryGame;
		};
/* End PBXContainerItemProxy section */

/* Begin PBXFileReference section */
		6F00E0DE1CB11FAE009905A7 /* MemoryGame.app */ = {isa = PBXFileReference; explicitFileType = wrapper.application; includeInIndex = 0; path = MemoryGame.app; sourceTree = BUILT_PRODUCTS_DIR; };
		6F00E0E11CB11FAE009905A7 /* AppDelegate.swift */ = {isa = PBXFileReference; lastKnownFileType = sourcecode.swift; path = AppDelegate.swift; sourceTree = "<group>"; };
		6F00E0E31CB11FAE009905A7 /* ViewController.swift */ = {isa = PBXFileReference; lastKnownFileType = sourcecode.swift; path = ViewController.swift; sourceTree = "<group>"; };
		6F00E0E61CB11FAE009905A7 /* Base */ = {isa = PBXFileReference; lastKnownFileType = file.storyboard; name = Base; path = Base.lproj/Main.storyboard; sourceTree = "<group>"; };
		6F00E0E81CB11FAF009905A7 /* Assets.xcassets */ = {isa = PBXFileReference; lastKnownFileType = folder.assetcatalog; path = Assets.xcassets; sourceTree = "<group>"; };
		6F00E0EB1CB11FAF009905A7 /* Base */ = {isa = PBXFileReference; lastKnownFileType = file.storyboard; name = Base; path = Base.lproj/LaunchScreen.storyboard; sourceTree = "<group>"; };
		6F00E0ED1CB11FAF009905A7 /* Info.plist */ = {isa = PBXFileReference; lastKnownFileType = text.plist.xml; path = Info.plist; sourceTree = "<group>"; };
		6F00E0F21CB11FAF009905A7 /* MemoryGameTests.xctest */ = {isa = PBXFileReference; explicitFileType = wrapper.cfbundle; includeInIndex = 0; path = MemoryGameTests.xctest; sourceTree = BUILT_PRODUCTS_DIR; };
		6F00E0F61CB11FAF009905A7 /* MemoryGameTests.swift */ = {isa = PBXFileReference; lastKnownFileType = sourcecode.swift; path = MemoryGameTests.swift; sourceTree = "<group>"; };
		6F00E0F81CB11FAF009905A7 /* Info.plist */ = {isa = PBXFileReference; lastKnownFileType = text.plist.xml; path = Info.plist; sourceTree = "<group>"; };
		6F00E0FD1CB11FAF009905A7 /* MemoryGameUITests.xctest */ = {isa = PBXFileReference; explicitFileType = wrapper.cfbundle; includeInIndex = 0; path = MemoryGameUITests.xctest; sourceTree = BUILT_PRODUCTS_DIR; };
		6F00E1011CB11FAF009905A7 /* MemoryGameUITests.swift */ = {isa = PBXFileReference; lastKnownFileType = sourcecode.swift; path = MemoryGameUITests.swift; sourceTree = "<group>"; };
		6F00E1031CB11FAF009905A7 /* Info.plist */ = {isa = PBXFileReference; lastKnownFileType = text.plist.xml; path = Info.plist; sourceTree = "<group>"; };
		6F00E10F1CB12092009905A7 /* TileData.swift */ = {isa = PBXFileReference; fileEncoding = 4; lastKnownFileType = sourcecode.swift; path = TileData.swift; sourceTree = "<group>"; };
		6F00E1121CB120FB009905A7 /* GameModel.swift */ = {isa = PBXFileReference; fileEncoding = 4; lastKnownFileType = sourcecode.swift; path = GameModel.swift; sourceTree = "<group>"; };
		6F00E1151CB12676009905A7 /* Extensions.swift */ = {isa = PBXFileReference; fileEncoding = 4; lastKnownFileType = sourcecode.swift; path = Extensions.swift; sourceTree = "<group>"; };
		6F00E1181CB12DBD009905A7 /* TileView.swift */ = {isa = PBXFileReference; fileEncoding = 4; lastKnownFileType = sourcecode.swift; path = TileView.swift; sourceTree = "<group>"; };
/* End PBXFileReference section */

/* Begin PBXFrameworksBuildPhase section */
		6F00E0DB1CB11FAE009905A7 /* Frameworks */ = {
			isa = PBXFrameworksBuildPhase;
			buildActionMask = 2147483647;
			files = (
			);
			runOnlyForDeploymentPostprocessing = 0;
		};
		6F00E0EF1CB11FAF009905A7 /* Frameworks */ = {
			isa = PBXFrameworksBuildPhase;
			buildActionMask = 2147483647;
			files = (
			);
			runOnlyForDeploymentPostprocessing = 0;
		};
		6F00E0FA1CB11FAF009905A7 /* Frameworks */ = {
			isa = PBXFrameworksBuildPhase;
			buildActionMask = 2147483647;
			files = (
			);
			runOnlyForDeploymentPostprocessing = 0;
		};
/* End PBXFrameworksBuildPhase section */

/* Begin PBXGroup section */
		6F00E0D51CB11FAE009905A7 = {
			isa = PBXGroup;
			children = (
				6F00E0E01CB11FAE009905A7 /* MemoryGame */,
				6F00E0F51CB11FAF009905A7 /* MemoryGameTests */,
				6F00E1001CB11FAF009905A7 /* MemoryGameUITests */,
				6F00E0DF1CB11FAE009905A7 /* Products */,
			);
			sourceTree = "<group>";
		};
		6F00E0DF1CB11FAE009905A7 /* Products */ = {
			isa = PBXGroup;
			children = (
				6F00E0DE1CB11FAE009905A7 /* MemoryGame.app */,
				6F00E0F21CB11FAF009905A7 /* MemoryGameTests.xctest */,
				6F00E0FD1CB11FAF009905A7 /* MemoryGameUITests.xctest */,
			);
			name = Products;
			sourceTree = "<group>";
		};
		6F00E0E01CB11FAE009905A7 /* MemoryGame */ = {
			isa = PBXGroup;
			children = (
				6F00E0E11CB11FAE009905A7 /* AppDelegate.swift */,
				6F00E0E31CB11FAE009905A7 /* ViewController.swift */,
				6F00E0E51CB11FAE009905A7 /* Main.storyboard */,
				6F00E0E81CB11FAF009905A7 /* Assets.xcassets */,
				6F00E0EA1CB11FAF009905A7 /* LaunchScreen.storyboard */,
				6F00E0ED1CB11FAF009905A7 /* Info.plist */,
				6F00E10F1CB12092009905A7 /* TileData.swift */,
				6F00E1121CB120FB009905A7 /* GameModel.swift */,
				6F00E1151CB12676009905A7 /* Extensions.swift */,
				6F00E1181CB12DBD009905A7 /* TileView.swift */,
			);
			path = MemoryGame;
			sourceTree = "<group>";
		};
		6F00E0F51CB11FAF009905A7 /* MemoryGameTests */ = {
			isa = PBXGroup;
			children = (
				6F00E0F61CB11FAF009905A7 /* MemoryGameTests.swift */,
				6F00E0F81CB11FAF009905A7 /* Info.plist */,
			);
			path = MemoryGameTests;
			sourceTree = "<group>";
		};
		6F00E1001CB11FAF009905A7 /* MemoryGameUITests */ = {
			isa = PBXGroup;
			children = (
				6F00E1011CB11FAF009905A7 /* MemoryGameUITests.swift */,
				6F00E1031CB11FAF009905A7 /* Info.plist */,
			);
			path = MemoryGameUITests;
			sourceTree = "<group>";
		};
/* End PBXGroup section */

/* Begin PBXNativeTarget section */
		6F00E0DD1CB11FAE009905A7 /* MemoryGame */ = {
			isa = PBXNativeTarget;
			buildConfigurationList = 6F00E1061CB11FAF009905A7 /* Build configuration list for PBXNativeTarget "MemoryGame" */;
			buildPhases = (
				6F00E0DA1CB11FAE009905A7 /* Sources */,
				6F00E0DB1CB11FAE009905A7 /* Frameworks */,
				6F00E0DC1CB11FAE009905A7 /* Resources */,
			);
			buildRules = (
			);
			dependencies = (
			);
			name = MemoryGame;
			productName = MemoryGame;
			productReference = 6F00E0DE1CB11FAE009905A7 /* MemoryGame.app */;
			productType = "com.apple.product-type.application";
		};
		6F00E0F11CB11FAF009905A7 /* MemoryGameTests */ = {
			isa = PBXNativeTarget;
			buildConfigurationList = 6F00E1091CB11FAF009905A7 /* Build configuration list for PBXNativeTarget "MemoryGameTests" */;
			buildPhases = (
				6F00E0EE1CB11FAF009905A7 /* Sources */,
				6F00E0EF1CB11FAF009905A7 /* Frameworks */,
				6F00E0F01CB11FAF009905A7 /* Resources */,
			);
			buildRules = (
			);
			dependencies = (
				6F00E0F41CB11FAF009905A7 /* PBXTargetDependency */,
			);
			name = MemoryGameTests;
			productName = MemoryGameTests;
			productReference = 6F00E0F21CB11FAF009905A7 /* MemoryGameTests.xctest */;
			productType = "com.apple.product-type.bundle.unit-test";
		};
		6F00E0FC1CB11FAF009905A7 /* MemoryGameUITests */ = {
			isa = PBXNativeTarget;
			buildConfigurationList = 6F00E10C1CB11FAF009905A7 /* Build configuration list for PBXNativeTarget "MemoryGameUITests" */;
			buildPhases = (
				6F00E0F91CB11FAF009905A7 /* Sources */,
				6F00E0FA1CB11FAF009905A7 /* Frameworks */,
				6F00E0FB1CB11FAF009905A7 /* Resources */,
			);
			buildRules = (
			);
			dependencies = (
				6F00E0FF1CB11FAF009905A7 /* PBXTargetDependency */,
			);
			name = MemoryGameUITests;
			productName = MemoryGameUITests;
			productReference = 6F00E0FD1CB11FAF009905A7 /* MemoryGameUITests.xctest */;
			productType = "com.apple.product-type.bundle.ui-testing";
		};
/* End PBXNativeTarget section */

/* Begin PBXProject section */
		6F00E0D61CB11FAE009905A7 /* Project object */ = {
			isa = PBXProject;
			attributes = {
				LastSwiftUpdateCheck = 0730;
				LastUpgradeCheck = 0730;
				ORGANIZATIONNAME = "Benjamin Johnson";
				TargetAttributes = {
					6F00E0DD1CB11FAE009905A7 = {
						CreatedOnToolsVersion = 7.3;
					};
					6F00E0F11CB11FAF009905A7 = {
						CreatedOnToolsVersion = 7.3;
						TestTargetID = 6F00E0DD1CB11FAE009905A7;
					};
					6F00E0FC1CB11FAF009905A7 = {
						CreatedOnToolsVersion = 7.3;
						TestTargetID = 6F00E0DD1CB11FAE009905A7;
					};
				};
			};
			buildConfigurationList = 6F00E0D91CB11FAE009905A7 /* Build configuration list for PBXProject "MemoryGame" */;
			compatibilityVersion = "Xcode 3.2";
			developmentRegion = English;
			hasScannedForEncodings = 0;
			knownRegions = (
				en,
				Base,
			);
			mainGroup = 6F00E0D51CB11FAE009905A7;
			productRefGroup = 6F00E0DF1CB11FAE009905A7 /* Products */;
			projectDirPath = "";
			projectRoot = "";
			targets = (
				6F00E0DD1CB11FAE009905A7 /* MemoryGame */,
				6F00E0F11CB11FAF009905A7 /* MemoryGameTests */,
				6F00E0FC1CB11FAF009905A7 /* MemoryGameUITests */,
			);
		};
/* End PBXProject section */

/* Begin PBXResourcesBuildPhase section */
		6F00E0DC1CB11FAE009905A7 /* Resources */ = {
			isa = PBXResourcesBuildPhase;
			buildActionMask = 2147483647;
			files = (
				6F00E0EC1CB11FAF009905A7 /* LaunchScreen.storyboard in Resources */,
				6F00E0E91CB11FAF009905A7 /* Assets.xcassets in Resources */,
				6F00E0E71CB11FAE009905A7 /* Main.storyboard in Resources */,
			);
			runOnlyForDeploymentPostprocessing = 0;
		};
		6F00E0F01CB11FAF009905A7 /* Resources */ = {
			isa = PBXResourcesBuildPhase;
			buildActionMask = 2147483647;
			files = (
			);
			runOnlyForDeploymentPostprocessing = 0;
		};
		6F00E0FB1CB11FAF009905A7 /* Resources */ = {
			isa = PBXResourcesBuildPhase;
			buildActionMask = 2147483647;
			files = (
			);
			runOnlyForDeploymentPostprocessing = 0;
		};
/* End PBXResourcesBuildPhase section */

/* Begin PBXSourcesBuildPhase section */
		6F00E0DA1CB11FAE009905A7 /* Sources */ = {
			isa = PBXSourcesBuildPhase;
			buildActionMask = 2147483647;
			files = (
				6F00E1161CB12676009905A7 /* Extensions.swift in Sources */,
				6F00E1101CB12092009905A7 /* TileData.swift in Sources */,
				6F00E1131CB120FB009905A7 /* GameModel.swift in Sources */,
				6F00E0E41CB11FAE009905A7 /* ViewController.swift in Sources */,
				6F00E1191CB12DBD009905A7 /* TileView.swift in Sources */,
				6F00E0E21CB11FAE009905A7 /* AppDelegate.swift in Sources */,
			);
			runOnlyForDeploymentPostprocessing = 0;
		};
		6F00E0EE1CB11FAF009905A7 /* Sources */ = {
			isa = PBXSourcesBuildPhase;
			buildActionMask = 2147483647;
			files = (
				6F00E1111CB12092009905A7 /* TileData.swift in Sources */,
				6F00E0F71CB11FAF009905A7 /* MemoryGameTests.swift in Sources */,
				6F00E1141CB120FB009905A7 /* GameModel.swift in Sources */,
				6F00E11A1CB12DBD009905A7 /* TileView.swift in Sources */,
				6F00E1171CB12676009905A7 /* Extensions.swift in Sources */,
			);
			runOnlyForDeploymentPostprocessing = 0;
		};
		6F00E0F91CB11FAF009905A7 /* Sources */ = {
			isa = PBXSourcesBuildPhase;
			buildActionMask = 2147483647;
			files = (
				6F00E1021CB11FAF009905A7 /* MemoryGameUITests.swift in Sources */,
			);
			runOnlyForDeploymentPostprocessing = 0;
		};
/* End PBXSourcesBuildPhase section */

/* Begin PBXTargetDependency section */
		6F00E0F41CB11FAF009905A7 /* PBXTargetDependency */ = {
			isa = PBXTargetDependency;
			target = 6F00E0DD1CB11FAE009905A7 /* MemoryGame */;
			targetProxy = 6F00E0F31CB11FAF009905A7 /* PBXContainerItemProxy */;
		};
		6F00E0FF1CB11FAF009905A7 /* PBXTargetDependency */ = {
			isa = PBXTargetDependency;
			target = 6F00E0DD1CB11FAE009905A7 /* MemoryGame */;
			targetProxy = 6F00E0FE1CB11FAF009905A7 /* PBXContainerItemProxy */;
		};
/* End PBXTargetDependency section */

/* Begin PBXVariantGroup section */
		6F00E0E51CB11FAE009905A7 /* Main.storyboard */ = {
			isa = PBXVariantGroup;
			children = (
				6F00E0E61CB11FAE009905A7 /* Base */,
			);
			name = Main.storyboard;
			sourceTree = "<group>";
		};
		6F00E0EA1CB11FAF009905A7 /* LaunchScreen.storyboard */ = {
			isa = PBXVariantGroup;
			children = (
				6F00E0EB1CB11FAF009905A7 /* Base */,
			);
			name = LaunchScreen.storyboard;
			sourceTree = "<group>";
		};
/* End PBXVariantGroup section */

/* Begin XCBuildConfiguration section */
		6F00E1041CB11FAF009905A7 /* Debug */ = {
			isa = XCBuildConfiguration;
			buildSettings = {
				ALWAYS_SEARCH_USER_PATHS = NO;
				CLANG_ANALYZER_NONNULL = YES;
				CLANG_CXX_LANGUAGE_STANDARD = "gnu++0x";
				CLANG_CXX_LIBRARY = "libc++";
				CLANG_ENABLE_MODULES = YES;
				CLANG_ENABLE_OBJC_ARC = YES;
				CLANG_WARN_BOOL_CONVERSION = YES;
				CLANG_WARN_CONSTANT_CONVERSION = YES;
				CLANG_WARN_DIRECT_OBJC_ISA_USAGE = YES_ERROR;
				CLANG_WARN_EMPTY_BODY = YES;
				CLANG_WARN_ENUM_CONVERSION = YES;
				CLANG_WARN_INT_CONVERSION = YES;
				CLANG_WARN_OBJC_ROOT_CLASS = YES_ERROR;
				CLANG_WARN_UNREACHABLE_CODE = YES;
				CLANG_WARN__DUPLICATE_METHOD_MATCH = YES;
				"CODE_SIGN_IDENTITY[sdk=iphoneos*]" = "iPhone Developer";
				COPY_PHASE_STRIP = NO;
				DEBUG_INFORMATION_FORMAT = dwarf;
				ENABLE_STRICT_OBJC_MSGSEND = YES;
				ENABLE_TESTABILITY = YES;
				GCC_C_LANGUAGE_STANDARD = gnu99;
				GCC_DYNAMIC_NO_PIC = NO;
				GCC_NO_COMMON_BLOCKS = YES;
				GCC_OPTIMIZATION_LEVEL = 0;
				GCC_PREPROCESSOR_DEFINITIONS = (
					"DEBUG=1",
					"$(inherited)",
				);
				GCC_WARN_64_TO_32_BIT_CONVERSION = YES;
				GCC_WARN_ABOUT_RETURN_TYPE = YES_ERROR;
				GCC_WARN_UNDECLARED_SELECTOR = YES;
				GCC_WARN_UNINITIALIZED_AUTOS = YES_AGGRESSIVE;
				GCC_WARN_UNUSED_FUNCTION = YES;
				GCC_WARN_UNUSED_VARIABLE = YES;
				IPHONEOS_DEPLOYMENT_TARGET = 9.3;
				MTL_ENABLE_DEBUG_INFO = YES;
				ONLY_ACTIVE_ARCH = YES;
				SDKROOT = iphoneos;
				SWIFT_OPTIMIZATION_LEVEL = "-Onone";
				TARGETED_DEVICE_FAMILY = "1,2";
			};
			name = Debug;
		};
		6F00E1051CB11FAF009905A7 /* Release */ = {
			isa = XCBuildConfiguration;
			buildSettings = {
				ALWAYS_SEARCH_USER_PATHS = NO;
				CLANG_ANALYZER_NONNULL = YES;
				CLANG_CXX_LANGUAGE_STANDARD = "gnu++0x";
				CLANG_CXX_LIBRARY = "libc++";
				CLANG_ENABLE_MODULES = YES;
				CLANG_ENABLE_OBJC_ARC = YES;
				CLANG_WARN_BOOL_CONVERSION = YES;
				CLANG_WARN_CONSTANT_CONVERSION = YES;
				CLANG_WARN_DIRECT_OBJC_ISA_USAGE = YES_ERROR;
				CLANG_WARN_EMPTY_BODY = YES;
				CLANG_WARN_ENUM_CONVERSION = YES;
				CLANG_WARN_INT_CONVERSION = YES;
				CLANG_WARN_OBJC_ROOT_CLASS = YES_ERROR;
				CLANG_WARN_UNREACHABLE_CODE = YES;
				CLANG_WARN__DUPLICATE_METHOD_MATCH = YES;
				"CODE_SIGN_IDENTITY[sdk=iphoneos*]" = "iPhone Developer";
				COPY_PHASE_STRIP = NO;
				DEBUG_INFORMATION_FORMAT = "dwarf-with-dsym";
				ENABLE_NS_ASSERTIONS = NO;
				ENABLE_STRICT_OBJC_MSGSEND = YES;
				GCC_C_LANGUAGE_STANDARD = gnu99;
				GCC_NO_COMMON_BLOCKS = YES;
				GCC_WARN_64_TO_32_BIT_CONVERSION = YES;
				GCC_WARN_ABOUT_RETURN_TYPE = YES_ERROR;
				GCC_WARN_UNDECLARED_SELECTOR = YES;
				GCC_WARN_UNINITIALIZED_AUTOS = YES_AGGRESSIVE;
				GCC_WARN_UNUSED_FUNCTION = YES;
				GCC_WARN_UNUSED_VARIABLE = YES;
				IPHONEOS_DEPLOYMENT_TARGET = 9.3;
				MTL_ENABLE_DEBUG_INFO = NO;
				SDKROOT = iphoneos;
				TARGETED_DEVICE_FAMILY = "1,2";
				VALIDATE_PRODUCT = YES;
			};
			name = Release;
		};
		6F00E1071CB11FAF009905A7 /* Debug */ = {
			isa = XCBuildConfiguration;
			buildSettings = {
				ASSETCATALOG_COMPILER_APPICON_NAME = AppIcon;
				INFOPLIST_FILE = MemoryGame/Info.plist;
				IPHONEOS_DEPLOYMENT_TARGET = 9.0;
				LD_RUNPATH_SEARCH_PATHS = "$(inherited) @executable_path/Frameworks";
				PRODUCT_BUNDLE_IDENTIFIER = au.com.benjaminjohnson.MemoryGame;
				PRODUCT_NAME = "$(TARGET_NAME)";
			};
			name = Debug;
		};
		6F00E1081CB11FAF009905A7 /* Release */ = {
			isa = XCBuildConfiguration;
			buildSettings = {
				ASSETCATALOG_COMPILER_APPICON_NAME = AppIcon;
				INFOPLIST_FILE = MemoryGame/Info.plist;
				IPHONEOS_DEPLOYMENT_TARGET = 9.0;
				LD_RUNPATH_SEARCH_PATHS = "$(inherited) @executable_path/Frameworks";
				PRODUCT_BUNDLE_IDENTIFIER = au.com.benjaminjohnson.MemoryGame;
				PRODUCT_NAME = "$(TARGET_NAME)";
			};
			name = Release;
		};
		6F00E10A1CB11FAF009905A7 /* Debug */ = {
			isa = XCBuildConfiguration;
			buildSettings = {
				BUNDLE_LOADER = "$(TEST_HOST)";
				INFOPLIST_FILE = MemoryGameTests/Info.plist;
				LD_RUNPATH_SEARCH_PATHS = "$(inherited) @executable_path/Frameworks @loader_path/Frameworks";
				PRODUCT_BUNDLE_IDENTIFIER = au.com.benjaminjohnson.MemoryGameTests;
				PRODUCT_NAME = "$(TARGET_NAME)";
				TEST_HOST = "$(BUILT_PRODUCTS_DIR)/MemoryGame.app/MemoryGame";
			};
			name = Debug;
		};
		6F00E10B1CB11FAF009905A7 /* Release */ = {
			isa = XCBuildConfiguration;
			buildSettings = {
				BUNDLE_LOADER = "$(TEST_HOST)";
				INFOPLIST_FILE = MemoryGameTests/Info.plist;
				LD_RUNPATH_SEARCH_PATHS = "$(inherited) @executable_path/Frameworks @loader_path/Frameworks";
				PRODUCT_BUNDLE_IDENTIFIER = au.com.benjaminjohnson.MemoryGameTests;
				PRODUCT_NAME = "$(TARGET_NAME)";
				TEST_HOST = "$(BUILT_PRODUCTS_DIR)/MemoryGame.app/MemoryGame";
			};
			name = Release;
		};
		6F00E10D1CB11FAF009905A7 /* Debug */ = {
			isa = XCBuildConfiguration;
			buildSettings = {
				INFOPLIST_FILE = MemoryGameUITests/Info.plist;
				LD_RUNPATH_SEARCH_PATHS = "$(inherited) @executable_path/Frameworks @loader_path/Frameworks";
				PRODUCT_BUNDLE_IDENTIFIER = au.com.benjaminjohnson.MemoryGameUITests;
				PRODUCT_NAME = "$(TARGET_NAME)";
				TEST_TARGET_NAME = MemoryGame;
			};
			name = Debug;
		};
		6F00E10E1CB11FAF009905A7 /* Release */ = {
			isa = XCBuildConfiguration;
			buildSettings = {
				INFOPLIST_FILE = MemoryGameUITests/Info.plist;
				LD_RUNPATH_SEARCH_PATHS = "$(inherited) @executable_path/Frameworks @loader_path/Frameworks";
				PRODUCT_BUNDLE_IDENTIFIER = au.com.benjaminjohnson.MemoryGameUITests;
				PRODUCT_NAME = "$(TARGET_NAME)";
				TEST_TARGET_NAME = MemoryGame;
			};
			name = Release;
		};
/* End XCBuildConfiguration section */

/* Begin XCConfigurationList section */
		6F00E0D91CB11FAE009905A7 /* Build configuration list for PBXProject "MemoryGame" */ = {
			isa = XCConfigurationList;
			buildConfigurations = (
				6F00E1041CB11FAF009905A7 /* Debug */,
				6F00E1051CB11FAF009905A7 /* Release */,
			);
			defaultConfigurationIsVisible = 0;
			defaultConfigurationName = Release;
		};
		6F00E1061CB11FAF009905A7 /* Build configuration list for PBXNativeTarget "MemoryGame" */ = {
			isa = XCConfigurationList;
			buildConfigurations = (
				6F00E1071CB11FAF009905A7 /* Debug */,
				6F00E1081CB11FAF009905A7 /* Release */,
			);
			defaultConfigurationIsVisible = 0;
			defaultConfigurationName = Release;
		};
		6F00E1091CB11FAF009905A7 /* Build configuration list for PBXNativeTarget "MemoryGameTests" */ = {
			isa = XCConfigurationList;
			buildConfigurations = (
				6F00E10A1CB11FAF009905A7 /* Debug */,
				6F00E10B1CB11FAF009905A7 /* Release */,
			);
			defaultConfigurationIsVisible = 0;
			defaultConfigurationName = Release;
		};
		6F00E10C1CB11FAF009905A7 /* Build configuration list for PBXNativeTarget "MemoryGameUITests" */ = {
			isa = XCConfigurationList;
			buildConfigurations = (
				6F00E10D1CB11FAF009905A7 /* Debug */,
				6F00E10E1CB11FAF009905A7 /* Release */,
			);
			defaultConfigurationIsVisible = 0;
			defaultConfigurationName = Release;
		};
/* End XCConfigurationList section */
	};
	rootObject = 6F00E0D61CB11FAE009905A7 /* Project object */;
}
